
Microsoft Visual Studio Solution File, Format Version 12.00
# Visual Studio Version 16
VisualStudioVersion = 16.0.31624.102
MinimumVisualStudioVersion = 10.0.40219.1
Project("{FAE04EC0-301F-11D3-BF4B-00C04F79EFBC}") = "ClusterIII_EXE", "ClusterIII_EXE\ClusterIII_EXE.csproj", "{DCA17161-AF53-45A3-AA30-992EBC393DFE}"
EndProject
Project("{FAE04EC0-301F-11D3-BF4B-00C04F79EFBC}") = "ClusterIII", "ClusterIII\ClusterIII.csproj", "{97BFDBA8-9D2E-410A-9106-BEA143B0827F}"
EndProject
Project("{FAE04EC0-301F-11D3-BF4B-00C04F79EFBC}") = "TP_ClusterIII", "TP_ClusterIII\TP_ClusterIII.csproj", "{2237A680-C929-495E-B2EE-3E36115B934D}"
EndProject
Global
	GlobalSection(SolutionConfigurationPlatforms) = preSolution
		Debug|Any CPU = Debug|Any CPU
		Release|Any CPU = Release|Any CPU
	EndGlobalSection
	GlobalSection(ProjectConfigurationPlatforms) = postSolution
		{DCA17161-AF53-45A3-AA30-992EBC393DFE}.Debug|Any CPU.ActiveCfg = Debug|Any CPU
		{DCA17161-AF53-45A3-AA30-992EBC393DFE}.Debug|Any CPU.Build.0 = Debug|Any CPU
		{DCA17161-AF53-45A3-AA30-992EBC393DFE}.Release|Any CPU.ActiveCfg = Release|Any CPU
		{DCA17161-AF53-45A3-AA30-992EBC393DFE}.Release|Any CPU.Build.0 = Release|Any CPU
		{97BFDBA8-9D2E-410A-9106-BEA143B0827F}.Debug|Any CPU.ActiveCfg = Debug|Any CPU
		{97BFDBA8-9D2E-410A-9106-BEA143B0827F}.Debug|Any CPU.Build.0 = Debug|Any CPU
		{97BFDBA8-9D2E-410A-9106-BEA143B0827F}.Release|Any CPU.ActiveCfg = Release|Any CPU
		{97BFDBA8-9D2E-410A-9106-BEA143B0827F}.Release|Any CPU.Build.0 = Release|Any CPU
		{2237A680-C929-495E-B2EE-3E36115B934D}.Debug|Any CPU.ActiveCfg = Debug|Any CPU
		{2237A680-C929-495E-B2EE-3E36115B934D}.Debug|Any CPU.Build.0 = Debug|Any CPU
		{2237A680-C929-495E-B2EE-3E36115B934D}.Release|Any CPU.ActiveCfg = Release|Any CPU
		{2237A680-C929-495E-B2EE-3E36115B934D}.Release|Any CPU.Build.0 = Release|Any CPU
	EndGlobalSection
	GlobalSection(SolutionProperties) = preSolution
		HideSolutionNode = FALSE
	EndGlobalSection
	GlobalSection(ExtensibilityGlobals) = postSolution
		SolutionGuid = {4BEA9AA1-34B6-425E-B209-41F3945E9B6A}
	EndGlobalSection
EndGlobal
